// !$*UTF8*$!
{
	archiveVersion = 1;
	classes = {
	};
	objectVersion = 77;
	objects = {

/* Begin PBXBuildFile section */
		6167F7232D0DCA7C005E4705 /* AppDelegate.swift in Sources */ = {isa = PBXBuildFile; fileRef = 6167F7192D0DCA7C005E4705 /* AppDelegate.swift */; };
		6167F7242D0DCA7C005E4705 /* SceneDelegate.swift in Sources */ = {isa = PBXBuildFile; fileRef = 6167F7202D0DCA7C005E4705 /* SceneDelegate.swift */; };
		6167F7252D0DCA7C005E4705 /* SpringAnimationViewController.swift in Sources */ = {isa = PBXBuildFile; fileRef = 6167F7212D0DCA7C005E4705 /* SpringAnimationViewController.swift */; };
		6167F7262D0DCA7C005E4705 /* Assets.xcassets in Resources */ = {isa = PBXBuildFile; fileRef = 6167F71A2D0DCA7C005E4705 /* Assets.xcassets */; };
		6167F7282D0DCA7C005E4705 /* LaunchScreen.storyboard in Resources */ = {isa = PBXBuildFile; fileRef = 6167F71D2D0DCA7C005E4705 /* LaunchScreen.storyboard */; };
		6167F7292D0DCA7C005E4705 /* Main.storyboard in Resources */ = {isa = PBXBuildFile; fileRef = 6167F71F2D0DCA7C005E4705 /* Main.storyboard */; };
		6167F72C2D0DCABB005E4705 /* SpringAnimation in Frameworks */ = {isa = PBXBuildFile; productRef = 6167F72B2D0DCABB005E4705 /* SpringAnimation */; };
		6167F7342D0E0533005E4705 /* AnimationTypes.swift in Sources */ = {isa = PBXBuildFile; fileRef = 6167F7332D0E0533005E4705 /* AnimationTypes.swift */; };
		6167F7382D0E0B42005E4705 /* DataStore.swift in Sources */ = {isa = PBXBuildFile; fileRef = 6167F7372D0E0B42005E4705 /* DataStore.swift */; };
/* End PBXBuildFile section */

/* Begin PBXFileReference section */
		6167F7012D0DCA72005E4705 /* SpringAnimationApp.app */ = {isa = PBXFileReference; explicitFileType = wrapper.application; includeInIndex = 0; path = SpringAnimationApp.app; sourceTree = BUILT_PRODUCTS_DIR; };
		6167F7192D0DCA7C005E4705 /* AppDelegate.swift */ = {isa = PBXFileReference; lastKnownFileType = sourcecode.swift; path = AppDelegate.swift; sourceTree = "<group>"; };
		6167F71A2D0DCA7C005E4705 /* Assets.xcassets */ = {isa = PBXFileReference; lastKnownFileType = folder.assetcatalog; path = Assets.xcassets; sourceTree = "<group>"; };
		6167F71B2D0DCA7C005E4705 /* Info.plist */ = {isa = PBXFileReference; lastKnownFileType = text.plist.xml; path = Info.plist; sourceTree = "<group>"; };
		6167F71C2D0DCA7C005E4705 /* Base */ = {isa = PBXFileReference; lastKnownFileType = file.storyboard; name = Base; path = Base.lproj/LaunchScreen.storyboard; sourceTree = "<group>"; };
		6167F71E2D0DCA7C005E4705 /* Base */ = {isa = PBXFileReference; lastKnownFileType = file.storyboard; name = Base; path = Base.lproj/Main.storyboard; sourceTree = "<group>"; };
		6167F7202D0DCA7C005E4705 /* SceneDelegate.swift */ = {isa = PBXFileReference; lastKnownFileType = sourcecode.swift; path = SceneDelegate.swift; sourceTree = "<group>"; };
		6167F7212D0DCA7C005E4705 /* SpringAnimationViewController.swift */ = {isa = PBXFileReference; lastKnownFileType = sourcecode.swift; path = SpringAnimationViewController.swift; sourceTree = "<group>"; };
		6167F7332D0E0533005E4705 /* AnimationTypes.swift */ = {isa = PBXFileReference; lastKnownFileType = sourcecode.swift; path = AnimationTypes.swift; sourceTree = "<group>"; };
		6167F7372D0E0B42005E4705 /* DataStore.swift */ = {isa = PBXFileReference; lastKnownFileType = sourcecode.swift; path = DataStore.swift; sourceTree = "<group>"; };
/* End PBXFileReference section */

/* Begin PBXFrameworksBuildPhase section */
		6167F6FE2D0DCA72005E4705 /* Frameworks */ = {
			isa = PBXFrameworksBuildPhase;
			buildActionMask = 2147483647;
			files = (
				6167F72C2D0DCABB005E4705 /* SpringAnimation in Frameworks */,
			);
			runOnlyForDeploymentPostprocessing = 0;
		};
/* End PBXFrameworksBuildPhase section */

/* Begin PBXGroup section */
		6167F6F82D0DCA72005E4705 = {
			isa = PBXGroup;
			children = (
				6167F7222D0DCA7C005E4705 /* SpringAnimationApp */,
				6167F7022D0DCA72005E4705 /* Products */,
			);
			sourceTree = "<group>";
		};
		6167F7022D0DCA72005E4705 /* Products */ = {
			isa = PBXGroup;
			children = (
				6167F7012D0DCA72005E4705 /* SpringAnimationApp.app */,
			);
			name = Products;
			sourceTree = "<group>";
		};
		6167F7222D0DCA7C005E4705 /* SpringAnimationApp */ = {
			isa = PBXGroup;
			children = (
				6167F72E2D0DCAF6005E4705 /* ViewControllers */,
				6167F7302D0DCB7C005E4705 /* Models */,
				6167F7312D0DCB8E005E4705 /* Services */,
				6167F72F2D0DCB50005E4705 /* StoryBoards */,
				6167F72D2D0DCACB005E4705 /* App */,
				6167F7322D0DCBCE005E4705 /* Resurces */,
			);
			path = SpringAnimationApp;
			sourceTree = "<group>";
		};
		6167F72D2D0DCACB005E4705 /* App */ = {
			isa = PBXGroup;
			children = (
				6167F7192D0DCA7C005E4705 /* AppDelegate.swift */,
				6167F7202D0DCA7C005E4705 /* SceneDelegate.swift */,
				6167F71B2D0DCA7C005E4705 /* Info.plist */,
			);
			path = App;
			sourceTree = "<group>";
		};
		6167F72E2D0DCAF6005E4705 /* ViewControllers */ = {
			isa = PBXGroup;
			children = (
				6167F7212D0DCA7C005E4705 /* SpringAnimationViewController.swift */,
			);
			path = ViewControllers;
			sourceTree = "<group>";
		};
		6167F72F2D0DCB50005E4705 /* StoryBoards */ = {
			isa = PBXGroup;
			children = (
				6167F71D2D0DCA7C005E4705 /* LaunchScreen.storyboard */,
				6167F71F2D0DCA7C005E4705 /* Main.storyboard */,
			);
			path = StoryBoards;
			sourceTree = "<group>";
		};
		6167F7302D0DCB7C005E4705 /* Models */ = {
			isa = PBXGroup;
			children = (
				6167F7332D0E0533005E4705 /* AnimationTypes.swift */,
			);
			path = Models;
			sourceTree = "<group>";
		};
		6167F7312D0DCB8E005E4705 /* Services */ = {
			isa = PBXGroup;
			children = (
				6167F7372D0E0B42005E4705 /* DataStore.swift */,
			);
			path = Services;
			sourceTree = "<group>";
		};
		6167F7322D0DCBCE005E4705 /* Resurces */ = {
			isa = PBXGroup;
			children = (
				6167F71A2D0DCA7C005E4705 /* Assets.xcassets */,
			);
			path = Resurces;
			sourceTree = "<group>";
		};
/* End PBXGroup section */

/* Begin PBXNativeTarget section */
		6167F7002D0DCA72005E4705 /* SpringAnimationApp */ = {
			isa = PBXNativeTarget;
			buildConfigurationList = 6167F7142D0DCA74005E4705 /* Build configuration list for PBXNativeTarget "SpringAnimationApp" */;
			buildPhases = (
				6167F6FD2D0DCA72005E4705 /* Sources */,
				6167F6FE2D0DCA72005E4705 /* Frameworks */,
				6167F6FF2D0DCA72005E4705 /* Resources */,
			);
			buildRules = (
			);
			dependencies = (
			);
			name = SpringAnimationApp;
			packageProductDependencies = (
				6167F72B2D0DCABB005E4705 /* SpringAnimation */,
			);
			productName = SpringAnimationApp;
			productReference = 6167F7012D0DCA72005E4705 /* SpringAnimationApp.app */;
			productType = "com.apple.product-type.application";
		};
/* End PBXNativeTarget section */

/* Begin PBXProject section */
		6167F6F92D0DCA72005E4705 /* Project object */ = {
			isa = PBXProject;
			attributes = {
				BuildIndependentTargetsInParallel = 1;
				LastSwiftUpdateCheck = 1620;
				LastUpgradeCheck = 1620;
				TargetAttributes = {
					6167F7002D0DCA72005E4705 = {
						CreatedOnToolsVersion = 16.2;
					};
				};
			};
			buildConfigurationList = 6167F6FC2D0DCA72005E4705 /* Build configuration list for PBXProject "SpringAnimationApp" */;
			developmentRegion = en;
			hasScannedForEncodings = 0;
			knownRegions = (
				en,
				Base,
			);
			mainGroup = 6167F6F82D0DCA72005E4705;
			minimizedProjectReferenceProxies = 1;
			packageReferences = (
				6167F72A2D0DCABB005E4705 /* XCRemoteSwiftPackageReference "SpringAnimation" */,
			);
			preferredProjectObjectVersion = 77;
			productRefGroup = 6167F7022D0DCA72005E4705 /* Products */;
			projectDirPath = "";
			projectRoot = "";
			targets = (
				6167F7002D0DCA72005E4705 /* SpringAnimationApp */,
			);
		};
/* End PBXProject section */

/* Begin PBXResourcesBuildPhase section */
		6167F6FF2D0DCA72005E4705 /* Resources */ = {
			isa = PBXResourcesBuildPhase;
			buildActionMask = 2147483647;
			files = (
				6167F7262D0DCA7C005E4705 /* Assets.xcassets in Resources */,
				6167F7282D0DCA7C005E4705 /* LaunchScreen.storyboard in Resources */,
				6167F7292D0DCA7C005E4705 /* Main.storyboard in Resources */,
			);
			runOnlyForDeploymentPostprocessing = 0;
		};
/* End PBXResourcesBuildPhase section */

/* Begin PBXSourcesBuildPhase section */
		6167F6FD2D0DCA72005E4705 /* Sources */ = {
			isa = PBXSourcesBuildPhase;
			buildActionMask = 2147483647;
			files = (
				6167F7232D0DCA7C005E4705 /* AppDelegate.swift in Sources */,
				6167F7242D0DCA7C005E4705 /* SceneDelegate.swift in Sources */,
				6167F7342D0E0533005E4705 /* AnimationTypes.swift in Sources */,
				6167F7382D0E0B42005E4705 /* DataStore.swift in Sources */,
				6167F7252D0DCA7C005E4705 /* SpringAnimationViewController.swift in Sources */,
			);
			runOnlyForDeploymentPostprocessing = 0;
		};
/* End PBXSourcesBuildPhase section */

/* Begin PBXVariantGroup section */
		6167F71D2D0DCA7C005E4705 /* LaunchScreen.storyboard */ = {
			isa = PBXVariantGroup;
			children = (
				6167F71C2D0DCA7C005E4705 /* Base */,
			);
			name = LaunchScreen.storyboard;
			sourceTree = "<group>";
		};
		6167F71F2D0DCA7C005E4705 /* Main.storyboard */ = {
			isa = PBXVariantGroup;
			children = (
				6167F71E2D0DCA7C005E4705 /* Base */,
			);
			name = Main.storyboard;
			sourceTree = "<group>";
		};
/* End PBXVariantGroup section */

/* Begin XCBuildConfiguration section */
		6167F7152D0DCA74005E4705 /* Debug */ = {
			isa = XCBuildConfiguration;
			buildSettings = {
				ASSETCATALOG_COMPILER_APPICON_NAME = AppIcon;
				ASSETCATALOG_COMPILER_GLOBAL_ACCENT_COLOR_NAME = AccentColor;
				CODE_SIGN_STYLE = Automatic;
				CURRENT_PROJECT_VERSION = 1;
				GENERATE_INFOPLIST_FILE = YES;
				INFOPLIST_FILE = SpringAnimationApp/App/Info.plist;
				INFOPLIST_KEY_UIApplicationSupportsIndirectInputEvents = YES;
				INFOPLIST_KEY_UILaunchStoryboardName = LaunchScreen;
				INFOPLIST_KEY_UIMainStoryboardFile = Main;
				INFOPLIST_KEY_UISupportedInterfaceOrientations = UIInterfaceOrientationPortrait;
				INFOPLIST_KEY_UISupportedInterfaceOrientations_iPad = "UIInterfaceOrientationLandscapeLeft UIInterfaceOrientationLandscapeRight UIInterfaceOrientationPortrait UIInterfaceOrientationPortraitUpsideDown";
				IPHONEOS_DEPLOYMENT_TARGET = 17.0;
				LD_RUNPATH_SEARCH_PATHS = (
					"$(inherited)",
					"@executable_path/Frameworks",
				);
				MARKETING_VERSION = 1.0;
				PRODUCT_BUNDLE_IDENTIFIER = "lenspigel0-rambler.ru.SpringAnimationApp";
				PRODUCT_NAME = "$(TARGET_NAME)";
				SUPPORTED_PLATFORMS = "iphoneos iphonesimulator";
				SUPPORTS_MACCATALYST = NO;
				SUPPORTS_MAC_DESIGNED_FOR_IPHONE_IPAD = NO;
				SUPPORTS_XR_DESIGNED_FOR_IPHONE_IPAD = NO;
				SWIFT_EMIT_LOC_STRINGS = YES;
				SWIFT_VERSION = 5.0;
				TARGETED_DEVICE_FAMILY = 1;
			};
			name = Debug;
		};
		6167F7162D0DCA74005E4705 /* Release */ = {
			isa = XCBuildConfiguration;
			buildSettings = {
				ASSETCATALOG_COMPILER_APPICON_NAME = AppIcon;
				ASSETCATALOG_COMPILER_GLOBAL_ACCENT_COLOR_NAME = AccentColor;
				CODE_SIGN_STYLE = Automatic;
				CURRENT_PROJECT_VERSION = 1;
				GENERATE_INFOPLIST_FILE = YES;
				INFOPLIST_FILE = SpringAnimationApp/App/Info.plist;
				INFOPLIST_KEY_UIApplicationSupportsIndirectInputEvents = YES;
				INFOPLIST_KEY_UILaunchStoryboardName = LaunchScreen;
				INFOPLIST_KEY_UIMainStoryboardFile = Main;
				INFOPLIST_KEY_UISupportedInterfaceOrientations = UIInterfaceOrientationPortrait;
				INFOPLIST_KEY_UISupportedInterfaceOrientations_iPad = "UIInterfaceOrientationLandscapeLeft UIInterfaceOrientationLandscapeRight UIInterfaceOrientationPortrait UIInterfaceOrientationPortraitUpsideDown";
				IPHONEOS_DEPLOYMENT_TARGET = 17.0;
				LD_RUNPATH_SEARCH_PATHS = (
					"$(inherited)",
					"@executable_path/Frameworks",
				);
				MARKETING_VERSION = 1.0;
				PRODUCT_BUNDLE_IDENTIFIER = "lenspigel0-rambler.ru.SpringAnimationApp";
				PRODUCT_NAME = "$(TARGET_NAME)";
				SUPPORTED_PLATFORMS = "iphoneos iphonesimulator";
				SUPPORTS_MACCATALYST = NO;
				SUPPORTS_MAC_DESIGNED_FOR_IPHONE_IPAD = NO;
				SUPPORTS_XR_DESIGNED_FOR_IPHONE_IPAD = NO;
				SWIFT_EMIT_LOC_STRINGS = YES;
				SWIFT_VERSION = 5.0;
				TARGETED_DEVICE_FAMILY = 1;
			};
			name = Release;
		};
		6167F7172D0DCA74005E4705 /* Debug */ = {
			isa = XCBuildConfiguration;
			buildSettings = {
				ALWAYS_SEARCH_USER_PATHS = NO;
				ASSETCATALOG_COMPILER_GENERATE_SWIFT_ASSET_SYMBOL_EXTENSIONS = YES;
				CLANG_ANALYZER_NONNULL = YES;
				CLANG_ANALYZER_NUMBER_OBJECT_CONVERSION = YES_AGGRESSIVE;
				CLANG_CXX_LANGUAGE_STANDARD = "gnu++20";
				CLANG_ENABLE_MODULES = YES;
				CLANG_ENABLE_OBJC_ARC = YES;
				CLANG_ENABLE_OBJC_WEAK = YES;
				CLANG_WARN_BLOCK_CAPTURE_AUTORELEASING = YES;
				CLANG_WARN_BOOL_CONVERSION = YES;
				CLANG_WARN_COMMA = YES;
				CLANG_WARN_CONSTANT_CONVERSION = YES;
				CLANG_WARN_DEPRECATED_OBJC_IMPLEMENTATIONS = YES;
				CLANG_WARN_DIRECT_OBJC_ISA_USAGE = YES_ERROR;
				CLANG_WARN_DOCUMENTATION_COMMENTS = YES;
				CLANG_WARN_EMPTY_BODY = YES;
				CLANG_WARN_ENUM_CONVERSION = YES;
				CLANG_WARN_INFINITE_RECURSION = YES;
				CLANG_WARN_INT_CONVERSION = YES;
				CLANG_WARN_NON_LITERAL_NULL_CONVERSION = YES;
				CLANG_WARN_OBJC_IMPLICIT_RETAIN_SELF = YES;
				CLANG_WARN_OBJC_LITERAL_CONVERSION = YES;
				CLANG_WARN_OBJC_ROOT_CLASS = YES_ERROR;
				CLANG_WARN_QUOTED_INCLUDE_IN_FRAMEWORK_HEADER = YES;
				CLANG_WARN_RANGE_LOOP_ANALYSIS = YES;
				CLANG_WARN_STRICT_PROTOTYPES = YES;
				CLANG_WARN_SUSPICIOUS_MOVE = YES;
				CLANG_WARN_UNGUARDED_AVAILABILITY = YES_AGGRESSIVE;
				CLANG_WARN_UNREACHABLE_CODE = YES;
				CLANG_WARN__DUPLICATE_METHOD_MATCH = YES;
				COPY_PHASE_STRIP = NO;
				DEBUG_INFORMATION_FORMAT = dwarf;
				ENABLE_STRICT_OBJC_MSGSEND = YES;
				ENABLE_TESTABILITY = YES;
				ENABLE_USER_SCRIPT_SANDBOXING = YES;
				GCC_C_LANGUAGE_STANDARD = gnu17;
				GCC_DYNAMIC_NO_PIC = NO;
				GCC_NO_COMMON_BLOCKS = YES;
				GCC_OPTIMIZATION_LEVEL = 0;
				GCC_PREPROCESSOR_DEFINITIONS = (
					"DEBUG=1",
					"$(inherited)",
				);
				GCC_WARN_64_TO_32_BIT_CONVERSION = YES;
				GCC_WARN_ABOUT_RETURN_TYPE = YES_ERROR;
				GCC_WARN_UNDECLARED_SELECTOR = YES;
				GCC_WARN_UNINITIALIZED_AUTOS = YES_AGGRESSIVE;
				GCC_WARN_UNUSED_FUNCTION = YES;
				GCC_WARN_UNUSED_VARIABLE = YES;
				IPHONEOS_DEPLOYMENT_TARGET = 18.2;
				LOCALIZATION_PREFERS_STRING_CATALOGS = YES;
				MTL_ENABLE_DEBUG_INFO = INCLUDE_SOURCE;
				MTL_FAST_MATH = YES;
				ONLY_ACTIVE_ARCH = YES;
				SDKROOT = iphoneos;
				SWIFT_ACTIVE_COMPILATION_CONDITIONS = "DEBUG $(inherited)";
				SWIFT_OPTIMIZATION_LEVEL = "-Onone";
			};
			name = Debug;
		};
		6167F7182D0DCA74005E4705 /* Release */ = {
			isa = XCBuildConfiguration;
			buildSettings = {
				ALWAYS_SEARCH_USER_PATHS = NO;
				ASSETCATALOG_COMPILER_GENERATE_SWIFT_ASSET_SYMBOL_EXTENSIONS = YES;
				CLANG_ANALYZER_NONNULL = YES;
				CLANG_ANALYZER_NUMBER_OBJECT_CONVERSION = YES_AGGRESSIVE;
				CLANG_CXX_LANGUAGE_STANDARD = "gnu++20";
				CLANG_ENABLE_MODULES = YES;
				CLANG_ENABLE_OBJC_ARC = YES;
				CLANG_ENABLE_OBJC_WEAK = YES;
				CLANG_WARN_BLOCK_CAPTURE_AUTORELEASING = YES;
				CLANG_WARN_BOOL_CONVERSION = YES;
				CLANG_WARN_COMMA = YES;
				CLANG_WARN_CONSTANT_CONVERSION = YES;
				CLANG_WARN_DEPRECATED_OBJC_IMPLEMENTATIONS = YES;
				CLANG_WARN_DIRECT_OBJC_ISA_USAGE = YES_ERROR;
				CLANG_WARN_DOCUMENTATION_COMMENTS = YES;
				CLANG_WARN_EMPTY_BODY = YES;
				CLANG_WARN_ENUM_CONVERSION = YES;
				CLANG_WARN_INFINITE_RECURSION = YES;
				CLANG_WARN_INT_CONVERSION = YES;
				CLANG_WARN_NON_LITERAL_NULL_CONVERSION = YES;
				CLANG_WARN_OBJC_IMPLICIT_RETAIN_SELF = YES;
				CLANG_WARN_OBJC_LITERAL_CONVERSION = YES;
				CLANG_WARN_OBJC_ROOT_CLASS = YES_ERROR;
				CLANG_WARN_QUOTED_INCLUDE_IN_FRAMEWORK_HEADER = YES;
				CLANG_WARN_RANGE_LOOP_ANALYSIS = YES;
				CLANG_WARN_STRICT_PROTOTYPES = YES;
				CLANG_WARN_SUSPICIOUS_MOVE = YES;
				CLANG_WARN_UNGUARDED_AVAILABILITY = YES_AGGRESSIVE;
				CLANG_WARN_UNREACHABLE_CODE = YES;
				CLANG_WARN__DUPLICATE_METHOD_MATCH = YES;
				COPY_PHASE_STRIP = NO;
				DEBUG_INFORMATION_FORMAT = "dwarf-with-dsym";
				ENABLE_NS_ASSERTIONS = NO;
				ENABLE_STRICT_OBJC_MSGSEND = YES;
				ENABLE_USER_SCRIPT_SANDBOXING = YES;
				GCC_C_LANGUAGE_STANDARD = gnu17;
				GCC_NO_COMMON_BLOCKS = YES;
				GCC_WARN_64_TO_32_BIT_CONVERSION = YES;
				GCC_WARN_ABOUT_RETURN_TYPE = YES_ERROR;
				GCC_WARN_UNDECLARED_SELECTOR = YES;
				GCC_WARN_UNINITIALIZED_AUTOS = YES_AGGRESSIVE;
				GCC_WARN_UNUSED_FUNCTION = YES;
				GCC_WARN_UNUSED_VARIABLE = YES;
				IPHONEOS_DEPLOYMENT_TARGET = 18.2;
				LOCALIZATION_PREFERS_STRING_CATALOGS = YES;
				MTL_ENABLE_DEBUG_INFO = NO;
				MTL_FAST_MATH = YES;
				SDKROOT = iphoneos;
				SWIFT_COMPILATION_MODE = wholemodule;
				VALIDATE_PRODUCT = YES;
			};
			name = Release;
		};
/* End XCBuildConfiguration section */

/* Begin XCConfigurationList section */
		6167F6FC2D0DCA72005E4705 /* Build configuration list for PBXProject "SpringAnimationApp" */ = {
			isa = XCConfigurationList;
			buildConfigurations = (
				6167F7172D0DCA74005E4705 /* Debug */,
				6167F7182D0DCA74005E4705 /* Release */,
			);
			defaultConfigurationIsVisible = 0;
			defaultConfigurationName = Release;
		};
		6167F7142D0DCA74005E4705 /* Build configuration list for PBXNativeTarget "SpringAnimationApp" */ = {
			isa = XCConfigurationList;
			buildConfigurations = (
				6167F7152D0DCA74005E4705 /* Debug */,
				6167F7162D0DCA74005E4705 /* Release */,
			);
			defaultConfigurationIsVisible = 0;
			defaultConfigurationName = Release;
		};
/* End XCConfigurationList section */

/* Begin XCRemoteSwiftPackageReference section */
		6167F72A2D0DCABB005E4705 /* XCRemoteSwiftPackageReference "SpringAnimation" */ = {
			isa = XCRemoteSwiftPackageReference;
			repositoryURL = "https://github.com/LexDeBash/SpringAnimation.git";
			requirement = {
				kind = upToNextMajorVersion;
				minimumVersion = 0.3.0;
			};
		};
/* End XCRemoteSwiftPackageReference section */

/* Begin XCSwiftPackageProductDependency section */
		6167F72B2D0DCABB005E4705 /* SpringAnimation */ = {
			isa = XCSwiftPackageProductDependency;
			package = 6167F72A2D0DCABB005E4705 /* XCRemoteSwiftPackageReference "SpringAnimation" */;
			productName = SpringAnimation;
		};
/* End XCSwiftPackageProductDependency section */
	};
	rootObject = 6167F6F92D0DCA72005E4705 /* Project object */;
}
